dependencies:
- name: datahub-gms
  repository: file://./subcharts/datahub-gms
  version: 0.2.177
- name: datahub-frontend
  repository: file://./subcharts/datahub-frontend
  version: 0.2.161
- name: datahub-mae-consumer
  repository: file://./subcharts/datahub-mae-consumer
  version: 0.2.163
- name: datahub-mce-consumer
  repository: file://./subcharts/datahub-mce-consumer
  version: 0.2.168
- name: datahub-ingestion-cron
  repository: file://./subcharts/datahub-ingestion-cron
  version: 0.2.146
- name: acryl-datahub-actions
  repository: file://./subcharts/acryl-datahub-actions
  version: 0.2.149
digest: sha256:d651ac5ae399722f5f066c1f28654457e8145068f120929e0a11ff0d1b748673
generated: "2025-02-05T21:37:35.852467001Z"
